
Microsoft Visual Studio Solution File, Format Version 12.00
# Visual Studio Version 17
VisualStudioVersion = 17.9.34728.123
MinimumVisualStudioVersion = 10.0.40219.1
Project("{FAE04EC0-301F-11D3-BF4B-00C04F79EFBC}") = "Afleveringsopgave 1 - Parametriseret unittest", "Afleveringsopgave 1 - Parametriseret unittest\Afleveringsopgave 1 - Parametriseret unittest.csproj", "{8D485892-0A80-4F1C-AE7E-C9F68A2620A0}"
EndProject
Global
	GlobalSection(SolutionConfigurationPlatforms) = preSolution
		Debug|Any CPU = Debug|Any CPU
		Release|Any CPU = Release|Any CPU
	EndGlobalSection
	GlobalSection(ProjectConfigurationPlatforms) = postSolution
		{8D485892-0A80-4F1C-AE7E-C9F68A2620A0}.Debug|Any CPU.ActiveCfg = Debug|Any CPU
		{8D485892-0A80-4F1C-AE7E-C9F68A2620A0}.Debug|Any CPU.Build.0 = Debug|Any CPU
		{8D485892-0A80-4F1C-AE7E-C9F68A2620A0}.Release|Any CPU.ActiveCfg = Release|Any CPU
		{8D485892-0A80-4F1C-AE7E-C9F68A2620A0}.Release|Any CPU.Build.0 = Release|Any CPU
	EndGlobalSection
	GlobalSection(SolutionProperties) = preSolution
		HideSolutionNode = FALSE
	EndGlobalSection
	GlobalSection(ExtensibilityGlobals) = postSolution
		SolutionGuid = {8DC13D5A-DCE6-44F1-A3AD-53CF27B259DA}
	EndGlobalSection
EndGlobal
